// !$*UTF8*$!
{
	archiveVersion = 1;
	classes = {
	};
	objectVersion = 51;
	objects = {

/* Begin PBXBuildFile section */
		180CAB5C269A5A0A001CC950 /* IngredientAnalizerContainerView + UITextViewDelegete.swift in Sources */ = {isa = PBXBuildFile; fileRef = 180CAB5B269A5A0A001CC950 /* IngredientAnalizerContainerView + UITextViewDelegete.swift */; };
		180CAB5E269A5A56001CC950 /* APIRequestExecuter.swift in Sources */ = {isa = PBXBuildFile; fileRef = 180CAB5D269A5A56001CC950 /* APIRequestExecuter.swift */; };
		180CAB60269A5A75001CC950 /* APIRequestBuilder.swift in Sources */ = {isa = PBXBuildFile; fileRef = 180CAB5F269A5A75001CC950 /* APIRequestBuilder.swift */; };
		180CAB62269A5A90001CC950 /* APIRequestInterceptor.swift in Sources */ = {isa = PBXBuildFile; fileRef = 180CAB61269A5A90001CC950 /* APIRequestInterceptor.swift */; };
		180CAB64269A5ABC001CC950 /* APIRequestResponseLog.swift in Sources */ = {isa = PBXBuildFile; fileRef = 180CAB63269A5ABC001CC950 /* APIRequestResponseLog.swift */; };
		180CAB66269A5AD7001CC950 /* BaseAPIRequestResponseBusinessErrorType.swift in Sources */ = {isa = PBXBuildFile; fileRef = 180CAB65269A5AD7001CC950 /* BaseAPIRequestResponseBusinessErrorType.swift */; };
		180CAB68269A5AEB001CC950 /* BaseAPIRequestResponseFailureErrorType.swift in Sources */ = {isa = PBXBuildFile; fileRef = 180CAB67269A5AEB001CC950 /* BaseAPIRequestResponseFailureErrorType.swift */; };
		180CAB6B269A5C2F001CC950 /* Int+BusinessErrorCode.swift in Sources */ = {isa = PBXBuildFile; fileRef = 180CAB6A269A5C2F001CC950 /* Int+BusinessErrorCode.swift */; };
		180CAB6D269A5C42001CC950 /* Int+HTTPStatusCode.swift in Sources */ = {isa = PBXBuildFile; fileRef = 180CAB6C269A5C42001CC950 /* Int+HTTPStatusCode.swift */; };
		180DA825269A30B700084643 /* AppDelegate.swift in Sources */ = {isa = PBXBuildFile; fileRef = 180DA824269A30B700084643 /* AppDelegate.swift */; };
		180DA82E269A30BB00084643 /* Assets.xcassets in Resources */ = {isa = PBXBuildFile; fileRef = 180DA82D269A30BB00084643 /* Assets.xcassets */; };
		180DA831269A30BB00084643 /* LaunchScreen.storyboard in Resources */ = {isa = PBXBuildFile; fileRef = 180DA82F269A30BB00084643 /* LaunchScreen.storyboard */; };
		180DA83C269A30BB00084643 /* NutritionAnalysisTests.swift in Sources */ = {isa = PBXBuildFile; fileRef = 180DA83B269A30BB00084643 /* NutritionAnalysisTests.swift */; };
		180DA85F269A387B00084643 /* IngredientAnalizerContainerView.swift in Sources */ = {isa = PBXBuildFile; fileRef = 180DA857269A387B00084643 /* IngredientAnalizerContainerView.swift */; };
		180DA860269A387B00084643 /* IngredientAnalizerPresenter.swift in Sources */ = {isa = PBXBuildFile; fileRef = 180DA858269A387B00084643 /* IngredientAnalizerPresenter.swift */; };
		180DA861269A387B00084643 /* IngredientAnalizerRouter.swift in Sources */ = {isa = PBXBuildFile; fileRef = 180DA859269A387B00084643 /* IngredientAnalizerRouter.swift */; };
		180DA862269A387B00084643 /* IngredientAnalizerViewController.swift in Sources */ = {isa = PBXBuildFile; fileRef = 180DA85A269A387B00084643 /* IngredientAnalizerViewController.swift */; };
		180DA863269A387B00084643 /* IngredientAnalizerProtocols.swift in Sources */ = {isa = PBXBuildFile; fileRef = 180DA85B269A387B00084643 /* IngredientAnalizerProtocols.swift */; };
		180DA864269A387B00084643 /* IngredientAnalizerInteractor.swift in Sources */ = {isa = PBXBuildFile; fileRef = 180DA85C269A387B00084643 /* IngredientAnalizerInteractor.swift */; };
		180DA86E269A38F200084643 /* BaseNavigationController.swift in Sources */ = {isa = PBXBuildFile; fileRef = 180DA86D269A38F200084643 /* BaseNavigationController.swift */; };
		180DA872269A395200084643 /* ColorTypes.swift in Sources */ = {isa = PBXBuildFile; fileRef = 180DA871269A395200084643 /* ColorTypes.swift */; };
		180DA875269A39A900084643 /* UIColor + DarkMode.swift in Sources */ = {isa = PBXBuildFile; fileRef = 180DA874269A39A900084643 /* UIColor + DarkMode.swift */; };
		180DA879269A3A4000084643 /* FontTypes.swift in Sources */ = {isa = PBXBuildFile; fileRef = 180DA878269A3A4000084643 /* FontTypes.swift */; };
		180DA881269A3CA800084643 /* Cairo-Regular.ttf in Resources */ = {isa = PBXBuildFile; fileRef = 180DA87B269A3CA700084643 /* Cairo-Regular.ttf */; };
		180DA882269A3CA800084643 /* Cairo-Bold.ttf in Resources */ = {isa = PBXBuildFile; fileRef = 180DA87C269A3CA700084643 /* Cairo-Bold.ttf */; };
		180DA883269A3CA800084643 /* Cairo-SemiBold.ttf in Resources */ = {isa = PBXBuildFile; fileRef = 180DA87D269A3CA700084643 /* Cairo-SemiBold.ttf */; };
		180DA885269A3CA800084643 /* Cairo-Light.ttf in Resources */ = {isa = PBXBuildFile; fileRef = 180DA87F269A3CA800084643 /* Cairo-Light.ttf */; };
		183CA7C0269A3EFA009E2749 /* UIViewController + StatusBar.swift in Sources */ = {isa = PBXBuildFile; fileRef = 183CA7BF269A3EFA009E2749 /* UIViewController + StatusBar.swift */; };
		183CA7C3269A4097009E2749 /* UITextView + PlaceHolder.swift in Sources */ = {isa = PBXBuildFile; fileRef = 183CA7C2269A4097009E2749 /* UITextView + PlaceHolder.swift */; };
		186E1611269C11A600F3FD01 /* LottieIndicator.swift in Sources */ = {isa = PBXBuildFile; fileRef = 186E1610269C11A600F3FD01 /* LottieIndicator.swift */; };
		186E1613269C11B900F3FD01 /* NormalIndicator.swift in Sources */ = {isa = PBXBuildFile; fileRef = 186E1612269C11B900F3FD01 /* NormalIndicator.swift */; };
		186E1616269C11E000F3FD01 /* UIView + Indicator.swift in Sources */ = {isa = PBXBuildFile; fileRef = 186E1615269C11E000F3FD01 /* UIView + Indicator.swift */; };
		186E1619269C156900F3FD01 /* IngredientaSummaryCell.swift in Sources */ = {isa = PBXBuildFile; fileRef = 186E1618269C156900F3FD01 /* IngredientaSummaryCell.swift */; };
		186E161B269C157B00F3FD01 /* IngredientsListContainerView + UITableView.swift in Sources */ = {isa = PBXBuildFile; fileRef = 186E161A269C157B00F3FD01 /* IngredientsListContainerView + UITableView.swift */; };
		186E161E269C1E7B00F3FD01 /* SkeletonUIView.swift in Sources */ = {isa = PBXBuildFile; fileRef = 186E161D269C1E7B00F3FD01 /* SkeletonUIView.swift */; };
		186E1620269C1E9100F3FD01 /* UIView+Skeleton.swift in Sources */ = {isa = PBXBuildFile; fileRef = 186E161F269C1E9100F3FD01 /* UIView+Skeleton.swift */; };
		186E162B269C2FE600F3FD01 /* TotalNutrationListContainerView.swift in Sources */ = {isa = PBXBuildFile; fileRef = 186E1623269C2FE600F3FD01 /* TotalNutrationListContainerView.swift */; };
		186E162C269C2FE600F3FD01 /* TotalNutrationListPresenter.swift in Sources */ = {isa = PBXBuildFile; fileRef = 186E1624269C2FE600F3FD01 /* TotalNutrationListPresenter.swift */; };
		186E162D269C2FE600F3FD01 /* TotalNutrationListRouter.swift in Sources */ = {isa = PBXBuildFile; fileRef = 186E1625269C2FE600F3FD01 /* TotalNutrationListRouter.swift */; };
		186E162E269C2FE600F3FD01 /* TotalNutrationListViewController.swift in Sources */ = {isa = PBXBuildFile; fileRef = 186E1626269C2FE600F3FD01 /* TotalNutrationListViewController.swift */; };
		186E162F269C2FE600F3FD01 /* TotalNutrationListProtocols.swift in Sources */ = {isa = PBXBuildFile; fileRef = 186E1627269C2FE600F3FD01 /* TotalNutrationListProtocols.swift */; };
		186E1630269C2FE600F3FD01 /* TotalNutrationListInteractor.swift in Sources */ = {isa = PBXBuildFile; fileRef = 186E1628269C2FE600F3FD01 /* TotalNutrationListInteractor.swift */; };
		186E1631269C2FE600F3FD01 /* TotalNutrationDisplayableModel.swift in Sources */ = {isa = PBXBuildFile; fileRef = 186E1629269C2FE600F3FD01 /* TotalNutrationDisplayableModel.swift */; };
		188306C4269C3358002267A7 /* IngredientsTransformer.swift in Sources */ = {isa = PBXBuildFile; fileRef = 188306C3269C3358002267A7 /* IngredientsTransformer.swift */; };
		188306C7269C37F6002267A7 /* TotalNutrationCell.swift in Sources */ = {isa = PBXBuildFile; fileRef = 188306C6269C37F6002267A7 /* TotalNutrationCell.swift */; };
		188306C9269C3814002267A7 /* TotalNutrationListContainerView + UITableView.swift in Sources */ = {isa = PBXBuildFile; fileRef = 188306C8269C3814002267A7 /* TotalNutrationListContainerView + UITableView.swift */; };
		18EC8059269B1CC40011A5C0 /* AnalysisNetworking.swift in Sources */ = {isa = PBXBuildFile; fileRef = 18EC8058269B1CC40011A5C0 /* AnalysisNetworking.swift */; };
		18EC805C269B1D980011A5C0 /* NetworkConstants.swift in Sources */ = {isa = PBXBuildFile; fileRef = 18EC805B269B1D980011A5C0 /* NetworkConstants.swift */; };
		18EC805E269B1EAA0011A5C0 /* AnalysisWorker.swift in Sources */ = {isa = PBXBuildFile; fileRef = 18EC805D269B1EAA0011A5C0 /* AnalysisWorker.swift */; };
		18EC8061269B20500011A5C0 /* IngredientResponseModel.swift in Sources */ = {isa = PBXBuildFile; fileRef = 18EC8060269B20500011A5C0 /* IngredientResponseModel.swift */; };
		18EC806C269B21B10011A5C0 /* IngredientsListContainerView.swift in Sources */ = {isa = PBXBuildFile; fileRef = 18EC8064269B21B10011A5C0 /* IngredientsListContainerView.swift */; };
		18EC806D269B21B10011A5C0 /* IngredientsListPresenter.swift in Sources */ = {isa = PBXBuildFile; fileRef = 18EC8065269B21B10011A5C0 /* IngredientsListPresenter.swift */; };
		18EC806E269B21B10011A5C0 /* IngredientsListRouter.swift in Sources */ = {isa = PBXBuildFile; fileRef = 18EC8066269B21B10011A5C0 /* IngredientsListRouter.swift */; };
		18EC806F269B21B10011A5C0 /* IngredientsListViewController.swift in Sources */ = {isa = PBXBuildFile; fileRef = 18EC8067269B21B10011A5C0 /* IngredientsListViewController.swift */; };
		18EC8070269B21B10011A5C0 /* IngredientsListProtocols.swift in Sources */ = {isa = PBXBuildFile; fileRef = 18EC8068269B21B10011A5C0 /* IngredientsListProtocols.swift */; };
		18EC8071269B21B10011A5C0 /* IngredientsListInteractor.swift in Sources */ = {isa = PBXBuildFile; fileRef = 18EC8069269B21B10011A5C0 /* IngredientsListInteractor.swift */; };
		65FDC0BD8961FF7A3861ACED /* Pods_NutritionAnalysisTests.framework in Frameworks */ = {isa = PBXBuildFile; fileRef = 946862E37A9BBF6703ED8D1C /* Pods_NutritionAnalysisTests.framework */; };
		B16D2D95F731827FAD8A1B3D /* Pods_NutritionAnalysis.framework in Frameworks */ = {isa = PBXBuildFile; fileRef = 1AEF263F3A1E27C515EF6A91 /* Pods_NutritionAnalysis.framework */; };
/* End PBXBuildFile section */

/* Begin PBXContainerItemProxy section */
		180DA838269A30BB00084643 /* PBXContainerItemProxy */ = {
			isa = PBXContainerItemProxy;
			containerPortal = 180DA819269A30B600084643 /* Project object */;
			proxyType = 1;
			remoteGlobalIDString = 180DA820269A30B700084643;
			remoteInfo = NutritionAnalysis;
		};
/* End PBXContainerItemProxy section */

/* Begin PBXFileReference section */
		180CAB5B269A5A0A001CC950 /* IngredientAnalizerContainerView + UITextViewDelegete.swift */ = {isa = PBXFileReference; lastKnownFileType = sourcecode.swift; path = "IngredientAnalizerContainerView + UITextViewDelegete.swift"; sourceTree = "<group>"; };
		180CAB5D269A5A56001CC950 /* APIRequestExecuter.swift */ = {isa = PBXFileReference; lastKnownFileType = sourcecode.swift; path = APIRequestExecuter.swift; sourceTree = "<group>"; };
		180CAB5F269A5A75001CC950 /* APIRequestBuilder.swift */ = {isa = PBXFileReference; lastKnownFileType = sourcecode.swift; path = APIRequestBuilder.swift; sourceTree = "<group>"; };
		180CAB61269A5A90001CC950 /* APIRequestInterceptor.swift */ = {isa = PBXFileReference; lastKnownFileType = sourcecode.swift; path = APIRequestInterceptor.swift; sourceTree = "<group>"; };
		180CAB63269A5ABC001CC950 /* APIRequestResponseLog.swift */ = {isa = PBXFileReference; lastKnownFileType = sourcecode.swift; path = APIRequestResponseLog.swift; sourceTree = "<group>"; };
		180CAB65269A5AD7001CC950 /* BaseAPIRequestResponseBusinessErrorType.swift */ = {isa = PBXFileReference; lastKnownFileType = sourcecode.swift; path = BaseAPIRequestResponseBusinessErrorType.swift; sourceTree = "<group>"; };
		180CAB67269A5AEB001CC950 /* BaseAPIRequestResponseFailureErrorType.swift */ = {isa = PBXFileReference; lastKnownFileType = sourcecode.swift; path = BaseAPIRequestResponseFailureErrorType.swift; sourceTree = "<group>"; };
		180CAB6A269A5C2F001CC950 /* Int+BusinessErrorCode.swift */ = {isa = PBXFileReference; lastKnownFileType = sourcecode.swift; path = "Int+BusinessErrorCode.swift"; sourceTree = "<group>"; };
		180CAB6C269A5C42001CC950 /* Int+HTTPStatusCode.swift */ = {isa = PBXFileReference; lastKnownFileType = sourcecode.swift; path = "Int+HTTPStatusCode.swift"; sourceTree = "<group>"; };
		180DA821269A30B700084643 /* NutritionAnalysis.app */ = {isa = PBXFileReference; explicitFileType = wrapper.application; includeInIndex = 0; path = NutritionAnalysis.app; sourceTree = BUILT_PRODUCTS_DIR; };
		180DA824269A30B700084643 /* AppDelegate.swift */ = {isa = PBXFileReference; lastKnownFileType = sourcecode.swift; path = AppDelegate.swift; sourceTree = "<group>"; };
		180DA82D269A30BB00084643 /* Assets.xcassets */ = {isa = PBXFileReference; lastKnownFileType = folder.assetcatalog; path = Assets.xcassets; sourceTree = "<group>"; };
		180DA830269A30BB00084643 /* Base */ = {isa = PBXFileReference; lastKnownFileType = file.storyboard; name = Base; path = Base.lproj/LaunchScreen.storyboard; sourceTree = "<group>"; };
		180DA832269A30BB00084643 /* Info.plist */ = {isa = PBXFileReference; lastKnownFileType = text.plist.xml; path = Info.plist; sourceTree = "<group>"; };
		180DA837269A30BB00084643 /* NutritionAnalysisTests.xctest */ = {isa = PBXFileReference; explicitFileType = wrapper.cfbundle; includeInIndex = 0; path = NutritionAnalysisTests.xctest; sourceTree = BUILT_PRODUCTS_DIR; };
		180DA83B269A30BB00084643 /* NutritionAnalysisTests.swift */ = {isa = PBXFileReference; lastKnownFileType = sourcecode.swift; path = NutritionAnalysisTests.swift; sourceTree = "<group>"; };
		180DA83D269A30BB00084643 /* Info.plist */ = {isa = PBXFileReference; lastKnownFileType = text.plist.xml; path = Info.plist; sourceTree = "<group>"; };
		180DA857269A387B00084643 /* IngredientAnalizerContainerView.swift */ = {isa = PBXFileReference; lastKnownFileType = sourcecode.swift; path = IngredientAnalizerContainerView.swift; sourceTree = "<group>"; };
		180DA858269A387B00084643 /* IngredientAnalizerPresenter.swift */ = {isa = PBXFileReference; lastKnownFileType = sourcecode.swift; path = IngredientAnalizerPresenter.swift; sourceTree = "<group>"; };
		180DA859269A387B00084643 /* IngredientAnalizerRouter.swift */ = {isa = PBXFileReference; lastKnownFileType = sourcecode.swift; path = IngredientAnalizerRouter.swift; sourceTree = "<group>"; };
		180DA85A269A387B00084643 /* IngredientAnalizerViewController.swift */ = {isa = PBXFileReference; lastKnownFileType = sourcecode.swift; path = IngredientAnalizerViewController.swift; sourceTree = "<group>"; };
		180DA85B269A387B00084643 /* IngredientAnalizerProtocols.swift */ = {isa = PBXFileReference; lastKnownFileType = sourcecode.swift; path = IngredientAnalizerProtocols.swift; sourceTree = "<group>"; };
		180DA85C269A387B00084643 /* IngredientAnalizerInteractor.swift */ = {isa = PBXFileReference; lastKnownFileType = sourcecode.swift; path = IngredientAnalizerInteractor.swift; sourceTree = "<group>"; };
		180DA86D269A38F200084643 /* BaseNavigationController.swift */ = {isa = PBXFileReference; lastKnownFileType = sourcecode.swift; path = BaseNavigationController.swift; sourceTree = "<group>"; };
		180DA871269A395200084643 /* ColorTypes.swift */ = {isa = PBXFileReference; lastKnownFileType = sourcecode.swift; path = ColorTypes.swift; sourceTree = "<group>"; };
		180DA874269A39A900084643 /* UIColor + DarkMode.swift */ = {isa = PBXFileReference; lastKnownFileType = sourcecode.swift; path = "UIColor + DarkMode.swift"; sourceTree = "<group>"; };
		180DA878269A3A4000084643 /* FontTypes.swift */ = {isa = PBXFileReference; lastKnownFileType = sourcecode.swift; path = FontTypes.swift; sourceTree = "<group>"; };
		180DA87B269A3CA700084643 /* Cairo-Regular.ttf */ = {isa = PBXFileReference; lastKnownFileType = file; path = "Cairo-Regular.ttf"; sourceTree = "<group>"; };
		180DA87C269A3CA700084643 /* Cairo-Bold.ttf */ = {isa = PBXFileReference; lastKnownFileType = file; path = "Cairo-Bold.ttf"; sourceTree = "<group>"; };
		180DA87D269A3CA700084643 /* Cairo-SemiBold.ttf */ = {isa = PBXFileReference; lastKnownFileType = file; path = "Cairo-SemiBold.ttf"; sourceTree = "<group>"; };
		180DA87F269A3CA800084643 /* Cairo-Light.ttf */ = {isa = PBXFileReference; lastKnownFileType = file; path = "Cairo-Light.ttf"; sourceTree = "<group>"; };
		183CA7BF269A3EFA009E2749 /* UIViewController + StatusBar.swift */ = {isa = PBXFileReference; lastKnownFileType = sourcecode.swift; path = "UIViewController + StatusBar.swift"; sourceTree = "<group>"; };
		183CA7C2269A4097009E2749 /* UITextView + PlaceHolder.swift */ = {isa = PBXFileReference; lastKnownFileType = sourcecode.swift; path = "UITextView + PlaceHolder.swift"; sourceTree = "<group>"; };
		186E1610269C11A600F3FD01 /* LottieIndicator.swift */ = {isa = PBXFileReference; lastKnownFileType = sourcecode.swift; path = LottieIndicator.swift; sourceTree = "<group>"; };
		186E1612269C11B900F3FD01 /* NormalIndicator.swift */ = {isa = PBXFileReference; lastKnownFileType = sourcecode.swift; path = NormalIndicator.swift; sourceTree = "<group>"; };
		186E1615269C11E000F3FD01 /* UIView + Indicator.swift */ = {isa = PBXFileReference; lastKnownFileType = sourcecode.swift; path = "UIView + Indicator.swift"; sourceTree = "<group>"; };
		186E1618269C156900F3FD01 /* IngredientaSummaryCell.swift */ = {isa = PBXFileReference; lastKnownFileType = sourcecode.swift; path = IngredientaSummaryCell.swift; sourceTree = "<group>"; };
		186E161A269C157B00F3FD01 /* IngredientsListContainerView + UITableView.swift */ = {isa = PBXFileReference; lastKnownFileType = sourcecode.swift; path = "IngredientsListContainerView + UITableView.swift"; sourceTree = "<group>"; };
		186E161D269C1E7B00F3FD01 /* SkeletonUIView.swift */ = {isa = PBXFileReference; lastKnownFileType = sourcecode.swift; path = SkeletonUIView.swift; sourceTree = "<group>"; };
		186E161F269C1E9100F3FD01 /* UIView+Skeleton.swift */ = {isa = PBXFileReference; lastKnownFileType = sourcecode.swift; path = "UIView+Skeleton.swift"; sourceTree = "<group>"; };
		186E1623269C2FE600F3FD01 /* TotalNutrationListContainerView.swift */ = {isa = PBXFileReference; lastKnownFileType = sourcecode.swift; path = TotalNutrationListContainerView.swift; sourceTree = "<group>"; };
		186E1624269C2FE600F3FD01 /* TotalNutrationListPresenter.swift */ = {isa = PBXFileReference; lastKnownFileType = sourcecode.swift; path = TotalNutrationListPresenter.swift; sourceTree = "<group>"; };
		186E1625269C2FE600F3FD01 /* TotalNutrationListRouter.swift */ = {isa = PBXFileReference; lastKnownFileType = sourcecode.swift; path = TotalNutrationListRouter.swift; sourceTree = "<group>"; };
		186E1626269C2FE600F3FD01 /* TotalNutrationListViewController.swift */ = {isa = PBXFileReference; lastKnownFileType = sourcecode.swift; path = TotalNutrationListViewController.swift; sourceTree = "<group>"; };
		186E1627269C2FE600F3FD01 /* TotalNutrationListProtocols.swift */ = {isa = PBXFileReference; lastKnownFileType = sourcecode.swift; path = TotalNutrationListProtocols.swift; sourceTree = "<group>"; };
		186E1628269C2FE600F3FD01 /* TotalNutrationListInteractor.swift */ = {isa = PBXFileReference; lastKnownFileType = sourcecode.swift; path = TotalNutrationListInteractor.swift; sourceTree = "<group>"; };
		186E1629269C2FE600F3FD01 /* TotalNutrationDisplayableModel.swift */ = {isa = PBXFileReference; lastKnownFileType = sourcecode.swift; path = TotalNutrationDisplayableModel.swift; sourceTree = "<group>"; };
		188306C3269C3358002267A7 /* IngredientsTransformer.swift */ = {isa = PBXFileReference; lastKnownFileType = sourcecode.swift; path = IngredientsTransformer.swift; sourceTree = "<group>"; };
		188306C6269C37F6002267A7 /* TotalNutrationCell.swift */ = {isa = PBXFileReference; lastKnownFileType = sourcecode.swift; path = TotalNutrationCell.swift; sourceTree = "<group>"; };
		188306C8269C3814002267A7 /* TotalNutrationListContainerView + UITableView.swift */ = {isa = PBXFileReference; lastKnownFileType = sourcecode.swift; path = "TotalNutrationListContainerView + UITableView.swift"; sourceTree = "<group>"; };
		18EC8058269B1CC40011A5C0 /* AnalysisNetworking.swift */ = {isa = PBXFileReference; lastKnownFileType = sourcecode.swift; path = AnalysisNetworking.swift; sourceTree = "<group>"; };
		18EC805B269B1D980011A5C0 /* NetworkConstants.swift */ = {isa = PBXFileReference; lastKnownFileType = sourcecode.swift; path = NetworkConstants.swift; sourceTree = "<group>"; };
		18EC805D269B1EAA0011A5C0 /* AnalysisWorker.swift */ = {isa = PBXFileReference; lastKnownFileType = sourcecode.swift; path = AnalysisWorker.swift; sourceTree = "<group>"; };
		18EC8060269B20500011A5C0 /* IngredientResponseModel.swift */ = {isa = PBXFileReference; lastKnownFileType = sourcecode.swift; path = IngredientResponseModel.swift; sourceTree = "<group>"; };
		18EC8064269B21B10011A5C0 /* IngredientsListContainerView.swift */ = {isa = PBXFileReference; lastKnownFileType = sourcecode.swift; path = IngredientsListContainerView.swift; sourceTree = "<group>"; };
		18EC8065269B21B10011A5C0 /* IngredientsListPresenter.swift */ = {isa = PBXFileReference; lastKnownFileType = sourcecode.swift; path = IngredientsListPresenter.swift; sourceTree = "<group>"; };
		18EC8066269B21B10011A5C0 /* IngredientsListRouter.swift */ = {isa = PBXFileReference; lastKnownFileType = sourcecode.swift; path = IngredientsListRouter.swift; sourceTree = "<group>"; };
		18EC8067269B21B10011A5C0 /* IngredientsListViewController.swift */ = {isa = PBXFileReference; lastKnownFileType = sourcecode.swift; path = IngredientsListViewController.swift; sourceTree = "<group>"; };
		18EC8068269B21B10011A5C0 /* IngredientsListProtocols.swift */ = {isa = PBXFileReference; lastKnownFileType = sourcecode.swift; path = IngredientsListProtocols.swift; sourceTree = "<group>"; };
		18EC8069269B21B10011A5C0 /* IngredientsListInteractor.swift */ = {isa = PBXFileReference; lastKnownFileType = sourcecode.swift; path = IngredientsListInteractor.swift; sourceTree = "<group>"; };
		1AEF263F3A1E27C515EF6A91 /* Pods_NutritionAnalysis.framework */ = {isa = PBXFileReference; explicitFileType = wrapper.framework; includeInIndex = 0; path = Pods_NutritionAnalysis.framework; sourceTree = BUILT_PRODUCTS_DIR; };
		1B2790139B2C14CCE87528DE /* Pods-NutritionAnalysis.debug.xcconfig */ = {isa = PBXFileReference; includeInIndex = 1; lastKnownFileType = text.xcconfig; name = "Pods-NutritionAnalysis.debug.xcconfig"; path = "Target Support Files/Pods-NutritionAnalysis/Pods-NutritionAnalysis.debug.xcconfig"; sourceTree = "<group>"; };
		288E914E007F493674D55036 /* Pods-NutritionAnalysisTests.release.xcconfig */ = {isa = PBXFileReference; includeInIndex = 1; lastKnownFileType = text.xcconfig; name = "Pods-NutritionAnalysisTests.release.xcconfig"; path = "Target Support Files/Pods-NutritionAnalysisTests/Pods-NutritionAnalysisTests.release.xcconfig"; sourceTree = "<group>"; };
		946862E37A9BBF6703ED8D1C /* Pods_NutritionAnalysisTests.framework */ = {isa = PBXFileReference; explicitFileType = wrapper.framework; includeInIndex = 0; path = Pods_NutritionAnalysisTests.framework; sourceTree = BUILT_PRODUCTS_DIR; };
		CDDBDE269799322989C02268 /* Pods-NutritionAnalysis.release.xcconfig */ = {isa = PBXFileReference; includeInIndex = 1; lastKnownFileType = text.xcconfig; name = "Pods-NutritionAnalysis.release.xcconfig"; path = "Target Support Files/Pods-NutritionAnalysis/Pods-NutritionAnalysis.release.xcconfig"; sourceTree = "<group>"; };
		DDC0FE324AED747E2C98F67A /* Pods-NutritionAnalysisTests.debug.xcconfig */ = {isa = PBXFileReference; includeInIndex = 1; lastKnownFileType = text.xcconfig; name = "Pods-NutritionAnalysisTests.debug.xcconfig"; path = "Target Support Files/Pods-NutritionAnalysisTests/Pods-NutritionAnalysisTests.debug.xcconfig"; sourceTree = "<group>"; };
/* End PBXFileReference section */

/* Begin PBXFrameworksBuildPhase section */
		180DA81E269A30B700084643 /* Frameworks */ = {
			isa = PBXFrameworksBuildPhase;
			buildActionMask = 2147483647;
			files = (
				B16D2D95F731827FAD8A1B3D /* Pods_NutritionAnalysis.framework in Frameworks */,
			);
			runOnlyForDeploymentPostprocessing = 0;
		};
		180DA834269A30BB00084643 /* Frameworks */ = {
			isa = PBXFrameworksBuildPhase;
			buildActionMask = 2147483647;
			files = (
				65FDC0BD8961FF7A3861ACED /* Pods_NutritionAnalysisTests.framework in Frameworks */,
			);
			runOnlyForDeploymentPostprocessing = 0;
		};
/* End PBXFrameworksBuildPhase section */

/* Begin PBXGroup section */
		180CAB69269A5C21001CC950 /* Extension */ = {
			isa = PBXGroup;
			children = (
				180CAB6A269A5C2F001CC950 /* Int+BusinessErrorCode.swift */,
				180CAB6C269A5C42001CC950 /* Int+HTTPStatusCode.swift */,
			);
			path = Extension;
			sourceTree = "<group>";
		};
		180DA818269A30B600084643 = {
			isa = PBXGroup;
			children = (
				180DA823269A30B700084643 /* NutritionAnalysis */,
				180DA83A269A30BB00084643 /* NutritionAnalysisTests */,
				180DA822269A30B700084643 /* Products */,
				E306DBC8163BCE950774866D /* Pods */,
				6C22B4FA7AA6CD050A6893CD /* Frameworks */,
			);
			sourceTree = "<group>";
		};
		180DA822269A30B700084643 /* Products */ = {
			isa = PBXGroup;
			children = (
				180DA821269A30B700084643 /* NutritionAnalysis.app */,
				180DA837269A30BB00084643 /* NutritionAnalysisTests.xctest */,
			);
			name = Products;
			sourceTree = "<group>";
		};
		180DA823269A30B700084643 /* NutritionAnalysis */ = {
			isa = PBXGroup;
			children = (
				180DA84F269A373B00084643 /* NetworkLayer */,
				188306C2269C3320002267A7 /* Transformers */,
				183CA7C1269A4045009E2749 /* Components */,
				180DA870269A391900084643 /* Constants */,
				180DA86F269A391000084643 /* Extensions */,
				180DA86C269A38E200084643 /* BaseClasses */,
				180DA852269A376C00084643 /* Main */,
				180DA851269A374A00084643 /* Modules */,
			);
			path = NutritionAnalysis;
			sourceTree = "<group>";
		};
		180DA83A269A30BB00084643 /* NutritionAnalysisTests */ = {
			isa = PBXGroup;
			children = (
				180DA83B269A30BB00084643 /* NutritionAnalysisTests.swift */,
				180DA83D269A30BB00084643 /* Info.plist */,
			);
			path = NutritionAnalysisTests;
			sourceTree = "<group>";
		};
		180DA84F269A373B00084643 /* NetworkLayer */ = {
			isa = PBXGroup;
			children = (
				180DA854269A382800084643 /* Workers */,
				180CAB5D269A5A56001CC950 /* APIRequestExecuter.swift */,
				180CAB5F269A5A75001CC950 /* APIRequestBuilder.swift */,
				180CAB61269A5A90001CC950 /* APIRequestInterceptor.swift */,
				180CAB63269A5ABC001CC950 /* APIRequestResponseLog.swift */,
				180CAB65269A5AD7001CC950 /* BaseAPIRequestResponseBusinessErrorType.swift */,
				180CAB67269A5AEB001CC950 /* BaseAPIRequestResponseFailureErrorType.swift */,
				180CAB69269A5C21001CC950 /* Extension */,
			);
			path = NetworkLayer;
			sourceTree = "<group>";
		};
		180DA851269A374A00084643 /* Modules */ = {
			isa = PBXGroup;
			children = (
				180DA855269A386900084643 /* IngredientAnalizer  */,
				18EC8062269B219D0011A5C0 /* IngredientsList */,
				186E1621269C2F2000F3FD01 /* TotalNutrationList */,
			);
			path = Modules;
			sourceTree = "<group>";
		};
		180DA852269A376C00084643 /* Main */ = {
			isa = PBXGroup;
			children = (
				180DA82D269A30BB00084643 /* Assets.xcassets */,
				180DA87A269A3C9100084643 /* Fonts */,
				180DA832269A30BB00084643 /* Info.plist */,
				180DA824269A30B700084643 /* AppDelegate.swift */,
				180DA82F269A30BB00084643 /* LaunchScreen.storyboard */,
			);
			path = Main;
			sourceTree = "<group>";
		};
		180DA854269A382800084643 /* Workers */ = {
			isa = PBXGroup;
			children = (
				18EC805F269B20420011A5C0 /* Entities */,
				18EC8058269B1CC40011A5C0 /* AnalysisNetworking.swift */,
				18EC805D269B1EAA0011A5C0 /* AnalysisWorker.swift */,
			);
			path = Workers;
			sourceTree = "<group>";
		};
		180DA855269A386900084643 /* IngredientAnalizer  */ = {
			isa = PBXGroup;
			children = (
				180DA86A269A389B00084643 /* View */,
				180DA869269A389600084643 /* Interactor */,
				180DA868269A388B00084643 /* Presenter */,
				180DA867269A388700084643 /* Entities */,
				180DA866269A388300084643 /* Router */,
				180DA85B269A387B00084643 /* IngredientAnalizerProtocols.swift */,
			);
			path = "IngredientAnalizer ";
			sourceTree = "<group>";
		};
		180DA866269A388300084643 /* Router */ = {
			isa = PBXGroup;
			children = (
				180DA859269A387B00084643 /* IngredientAnalizerRouter.swift */,
			);
			path = Router;
			sourceTree = "<group>";
		};
		180DA867269A388700084643 /* Entities */ = {
			isa = PBXGroup;
			children = (
			);
			path = Entities;
			sourceTree = "<group>";
		};
		180DA868269A388B00084643 /* Presenter */ = {
			isa = PBXGroup;
			children = (
				180DA858269A387B00084643 /* IngredientAnalizerPresenter.swift */,
			);
			path = Presenter;
			sourceTree = "<group>";
		};
		180DA869269A389600084643 /* Interactor */ = {
			isa = PBXGroup;
			children = (
				180DA85C269A387B00084643 /* IngredientAnalizerInteractor.swift */,
			);
			path = Interactor;
			sourceTree = "<group>";
		};
		180DA86A269A389B00084643 /* View */ = {
			isa = PBXGroup;
			children = (
				180DA85A269A387B00084643 /* IngredientAnalizerViewController.swift */,
				180DA86B269A389F00084643 /* Layout */,
			);
			path = View;
			sourceTree = "<group>";
		};
		180DA86B269A389F00084643 /* Layout */ = {
			isa = PBXGroup;
			children = (
				180DA857269A387B00084643 /* IngredientAnalizerContainerView.swift */,
				180CAB5B269A5A0A001CC950 /* IngredientAnalizerContainerView + UITextViewDelegete.swift */,
			);
			path = Layout;
			sourceTree = "<group>";
		};
		180DA86C269A38E200084643 /* BaseClasses */ = {
			isa = PBXGroup;
			children = (
				180DA86D269A38F200084643 /* BaseNavigationController.swift */,
			);
			path = BaseClasses;
			sourceTree = "<group>";
		};
		180DA86F269A391000084643 /* Extensions */ = {
			isa = PBXGroup;
			children = (
				186E1614269C11D700F3FD01 /* UIView */,
				183CA7C4269A488E009E2749 /* UITextView */,
				183CA7BE269A3EEE009E2749 /* UIViewController */,
				180DA873269A39A000084643 /* UIColor */,
			);
			path = Extensions;
			sourceTree = "<group>";
		};
		180DA870269A391900084643 /* Constants */ = {
			isa = PBXGroup;
			children = (
				18EC805A269B1D7B0011A5C0 /* NetworkConstants */,
				180DA877269A3A2200084643 /* FontTypes */,
				180DA876269A3A1800084643 /* ColorTypes */,
			);
			path = Constants;
			sourceTree = "<group>";
		};
		180DA873269A39A000084643 /* UIColor */ = {
			isa = PBXGroup;
			children = (
				180DA874269A39A900084643 /* UIColor + DarkMode.swift */,
			);
			path = UIColor;
			sourceTree = "<group>";
		};
		180DA876269A3A1800084643 /* ColorTypes */ = {
			isa = PBXGroup;
			children = (
				180DA871269A395200084643 /* ColorTypes.swift */,
			);
			path = ColorTypes;
			sourceTree = "<group>";
		};
		180DA877269A3A2200084643 /* FontTypes */ = {
			isa = PBXGroup;
			children = (
				180DA878269A3A4000084643 /* FontTypes.swift */,
			);
			path = FontTypes;
			sourceTree = "<group>";
		};
		180DA87A269A3C9100084643 /* Fonts */ = {
			isa = PBXGroup;
			children = (
				180DA87C269A3CA700084643 /* Cairo-Bold.ttf */,
				180DA87F269A3CA800084643 /* Cairo-Light.ttf */,
				180DA87B269A3CA700084643 /* Cairo-Regular.ttf */,
				180DA87D269A3CA700084643 /* Cairo-SemiBold.ttf */,
			);
			path = Fonts;
			sourceTree = "<group>";
		};
		183CA7BE269A3EEE009E2749 /* UIViewController */ = {
			isa = PBXGroup;
			children = (
				183CA7BF269A3EFA009E2749 /* UIViewController + StatusBar.swift */,
			);
			path = UIViewController;
			sourceTree = "<group>";
		};
		183CA7C1269A4045009E2749 /* Components */ = {
			isa = PBXGroup;
			children = (
				186E161C269C1E6C00F3FD01 /* SkeletonView */,
				186E160F269C119400F3FD01 /* Indicators */,
			);
			path = Components;
			sourceTree = "<group>";
		};
		183CA7C4269A488E009E2749 /* UITextView */ = {
			isa = PBXGroup;
			children = (
				183CA7C2269A4097009E2749 /* UITextView + PlaceHolder.swift */,
			);
			path = UITextView;
			sourceTree = "<group>";
		};
		186E160F269C119400F3FD01 /* Indicators */ = {
			isa = PBXGroup;
			children = (
				186E1610269C11A600F3FD01 /* LottieIndicator.swift */,
				186E1612269C11B900F3FD01 /* NormalIndicator.swift */,
			);
			path = Indicators;
			sourceTree = "<group>";
		};
		186E1614269C11D700F3FD01 /* UIView */ = {
			isa = PBXGroup;
			children = (
				186E1615269C11E000F3FD01 /* UIView + Indicator.swift */,
				186E161F269C1E9100F3FD01 /* UIView+Skeleton.swift */,
			);
			path = UIView;
			sourceTree = "<group>";
		};
		186E1617269C156000F3FD01 /* Cells */ = {
			isa = PBXGroup;
			children = (
				186E1618269C156900F3FD01 /* IngredientaSummaryCell.swift */,
			);
			path = Cells;
			sourceTree = "<group>";
		};
		186E161C269C1E6C00F3FD01 /* SkeletonView */ = {
			isa = PBXGroup;
			children = (
				186E161D269C1E7B00F3FD01 /* SkeletonUIView.swift */,
			);
			path = SkeletonView;
			sourceTree = "<group>";
		};
		186E1621269C2F2000F3FD01 /* TotalNutrationList */ = {
			isa = PBXGroup;
			children = (
				186E1636269C2FFF00F3FD01 /* View */,
				186E1635269C2FFA00F3FD01 /* Interactor */,
				186E1634269C2FF500F3FD01 /* Presenter */,
				186E1633269C2FF100F3FD01 /* Entities */,
				186E1632269C2FEB00F3FD01 /* Router */,
				186E1627269C2FE600F3FD01 /* TotalNutrationListProtocols.swift */,
			);
			path = TotalNutrationList;
			sourceTree = "<group>";
		};
		186E1632269C2FEB00F3FD01 /* Router */ = {
			isa = PBXGroup;
			children = (
				186E1625269C2FE600F3FD01 /* TotalNutrationListRouter.swift */,
			);
			path = Router;
			sourceTree = "<group>";
		};
		186E1633269C2FF100F3FD01 /* Entities */ = {
			isa = PBXGroup;
			children = (
				186E1629269C2FE600F3FD01 /* TotalNutrationDisplayableModel.swift */,
			);
			path = Entities;
			sourceTree = "<group>";
		};
		186E1634269C2FF500F3FD01 /* Presenter */ = {
			isa = PBXGroup;
			children = (
				186E1624269C2FE600F3FD01 /* TotalNutrationListPresenter.swift */,
			);
			path = Presenter;
			sourceTree = "<group>";
		};
		186E1635269C2FFA00F3FD01 /* Interactor */ = {
			isa = PBXGroup;
			children = (
				186E1628269C2FE600F3FD01 /* TotalNutrationListInteractor.swift */,
			);
			path = Interactor;
			sourceTree = "<group>";
		};
		186E1636269C2FFF00F3FD01 /* View */ = {
			isa = PBXGroup;
			children = (
				186E1626269C2FE600F3FD01 /* TotalNutrationListViewController.swift */,
				186E1637269C300300F3FD01 /* Layout */,
			);
			path = View;
			sourceTree = "<group>";
		};
		186E1637269C300300F3FD01 /* Layout */ = {
			isa = PBXGroup;
			children = (
				188306C5269C37E9002267A7 /* Cells */,
				186E1623269C2FE600F3FD01 /* TotalNutrationListContainerView.swift */,
				188306C8269C3814002267A7 /* TotalNutrationListContainerView + UITableView.swift */,
			);
			path = Layout;
			sourceTree = "<group>";
		};
		188306C2269C3320002267A7 /* Transformers */ = {
			isa = PBXGroup;
			children = (
				188306C3269C3358002267A7 /* IngredientsTransformer.swift */,
			);
			path = Transformers;
			sourceTree = "<group>";
		};
		188306C5269C37E9002267A7 /* Cells */ = {
			isa = PBXGroup;
			children = (
				188306C6269C37F6002267A7 /* TotalNutrationCell.swift */,
			);
			path = Cells;
			sourceTree = "<group>";
		};
		18EC805A269B1D7B0011A5C0 /* NetworkConstants */ = {
			isa = PBXGroup;
			children = (
				18EC805B269B1D980011A5C0 /* NetworkConstants.swift */,
			);
			path = NetworkConstants;
			sourceTree = "<group>";
		};
		18EC805F269B20420011A5C0 /* Entities */ = {
			isa = PBXGroup;
			children = (
				18EC8060269B20500011A5C0 /* IngredientResponseModel.swift */,
			);
			path = Entities;
			sourceTree = "<group>";
		};
		18EC8062269B219D0011A5C0 /* IngredientsList */ = {
			isa = PBXGroup;
			children = (
				18EC8077269B21C50011A5C0 /* View */,
				18EC8076269B21C10011A5C0 /* Interactor */,
				18EC8075269B21BD0011A5C0 /* Presenter */,
				18EC8074269B21B80011A5C0 /* Entities */,
				18EC8073269B21B40011A5C0 /* Router */,
				18EC8068269B21B10011A5C0 /* IngredientsListProtocols.swift */,
			);
			path = IngredientsList;
			sourceTree = "<group>";
		};
		18EC8073269B21B40011A5C0 /* Router */ = {
			isa = PBXGroup;
			children = (
				18EC8066269B21B10011A5C0 /* IngredientsListRouter.swift */,
			);
			path = Router;
			sourceTree = "<group>";
		};
		18EC8074269B21B80011A5C0 /* Entities */ = {
			isa = PBXGroup;
			children = (
			);
			path = Entities;
			sourceTree = "<group>";
		};
		18EC8075269B21BD0011A5C0 /* Presenter */ = {
			isa = PBXGroup;
			children = (
				18EC8065269B21B10011A5C0 /* IngredientsListPresenter.swift */,
			);
			path = Presenter;
			sourceTree = "<group>";
		};
		18EC8076269B21C10011A5C0 /* Interactor */ = {
			isa = PBXGroup;
			children = (
				18EC8069269B21B10011A5C0 /* IngredientsListInteractor.swift */,
			);
			path = Interactor;
			sourceTree = "<group>";
		};
		18EC8077269B21C50011A5C0 /* View */ = {
			isa = PBXGroup;
			children = (
				18EC8067269B21B10011A5C0 /* IngredientsListViewController.swift */,
				18EC8078269B21C90011A5C0 /* Layout */,
			);
			path = View;
			sourceTree = "<group>";
		};
		18EC8078269B21C90011A5C0 /* Layout */ = {
			isa = PBXGroup;
			children = (
				186E1617269C156000F3FD01 /* Cells */,
				18EC8064269B21B10011A5C0 /* IngredientsListContainerView.swift */,
				186E161A269C157B00F3FD01 /* IngredientsListContainerView + UITableView.swift */,
			);
			path = Layout;
			sourceTree = "<group>";
		};
		6C22B4FA7AA6CD050A6893CD /* Frameworks */ = {
			isa = PBXGroup;
			children = (
				1AEF263F3A1E27C515EF6A91 /* Pods_NutritionAnalysis.framework */,
				946862E37A9BBF6703ED8D1C /* Pods_NutritionAnalysisTests.framework */,
			);
			name = Frameworks;
			sourceTree = "<group>";
		};
		E306DBC8163BCE950774866D /* Pods */ = {
			isa = PBXGroup;
			children = (
				1B2790139B2C14CCE87528DE /* Pods-NutritionAnalysis.debug.xcconfig */,
				CDDBDE269799322989C02268 /* Pods-NutritionAnalysis.release.xcconfig */,
				DDC0FE324AED747E2C98F67A /* Pods-NutritionAnalysisTests.debug.xcconfig */,
				288E914E007F493674D55036 /* Pods-NutritionAnalysisTests.release.xcconfig */,
			);
			path = Pods;
			sourceTree = "<group>";
		};
/* End PBXGroup section */

/* Begin PBXNativeTarget section */
		180DA820269A30B700084643 /* NutritionAnalysis */ = {
			isa = PBXNativeTarget;
			buildConfigurationList = 180DA840269A30BB00084643 /* Build configuration list for PBXNativeTarget "NutritionAnalysis" */;
			buildPhases = (
				1876695BA50DCEF68C63CD36 /* [CP] Check Pods Manifest.lock */,
				180DA81D269A30B700084643 /* Sources */,
				180DA846269A329000084643 /* SwiftLint */,
				180DA81E269A30B700084643 /* Frameworks */,
				180DA81F269A30B700084643 /* Resources */,
				180DA847269A32B600084643 /* Swiftformat */,
				180DA848269A32CD00084643 /* Swiftformat autocorrect */,
				7DB8BF416A8258D7224971F4 /* [CP] Embed Pods Frameworks */,
			);
			buildRules = (
			);
			dependencies = (
			);
			name = NutritionAnalysis;
			productName = NutritionAnalysis;
			productReference = 180DA821269A30B700084643 /* NutritionAnalysis.app */;
			productType = "com.apple.product-type.application";
		};
		180DA836269A30BB00084643 /* NutritionAnalysisTests */ = {
			isa = PBXNativeTarget;
			buildConfigurationList = 180DA843269A30BB00084643 /* Build configuration list for PBXNativeTarget "NutritionAnalysisTests" */;
			buildPhases = (
				6CF05BE5092EB91DC33C1653 /* [CP] Check Pods Manifest.lock */,
				180DA833269A30BB00084643 /* Sources */,
				180DA834269A30BB00084643 /* Frameworks */,
				180DA835269A30BB00084643 /* Resources */,
			);
			buildRules = (
			);
			dependencies = (
				180DA839269A30BB00084643 /* PBXTargetDependency */,
			);
			name = NutritionAnalysisTests;
			productName = NutritionAnalysisTests;
			productReference = 180DA837269A30BB00084643 /* NutritionAnalysisTests.xctest */;
			productType = "com.apple.product-type.bundle.unit-test";
		};
/* End PBXNativeTarget section */

/* Begin PBXProject section */
		180DA819269A30B600084643 /* Project object */ = {
			isa = PBXProject;
			attributes = {
				LastSwiftUpdateCheck = 1150;
				LastUpgradeCheck = 1150;
				ORGANIZATIONNAME = BankMisr;
				TargetAttributes = {
					180DA820269A30B700084643 = {
						CreatedOnToolsVersion = 11.5;
					};
					180DA836269A30BB00084643 = {
						CreatedOnToolsVersion = 11.5;
						TestTargetID = 180DA820269A30B700084643;
					};
				};
			};
			buildConfigurationList = 180DA81C269A30B600084643 /* Build configuration list for PBXProject "NutritionAnalysis" */;
			compatibilityVersion = "Xcode 9.3";
			developmentRegion = en;
			hasScannedForEncodings = 0;
			knownRegions = (
				en,
				Base,
			);
			mainGroup = 180DA818269A30B600084643;
			productRefGroup = 180DA822269A30B700084643 /* Products */;
			projectDirPath = "";
			projectRoot = "";
			targets = (
				180DA820269A30B700084643 /* NutritionAnalysis */,
				180DA836269A30BB00084643 /* NutritionAnalysisTests */,
			);
		};
/* End PBXProject section */

/* Begin PBXResourcesBuildPhase section */
		180DA81F269A30B700084643 /* Resources */ = {
			isa = PBXResourcesBuildPhase;
			buildActionMask = 2147483647;
			files = (
				180DA881269A3CA800084643 /* Cairo-Regular.ttf in Resources */,
				180DA831269A30BB00084643 /* LaunchScreen.storyboard in Resources */,
				180DA883269A3CA800084643 /* Cairo-SemiBold.ttf in Resources */,
				180DA882269A3CA800084643 /* Cairo-Bold.ttf in Resources */,
				180DA82E269A30BB00084643 /* Assets.xcassets in Resources */,
				180DA885269A3CA800084643 /* Cairo-Light.ttf in Resources */,
			);
			runOnlyForDeploymentPostprocessing = 0;
		};
		180DA835269A30BB00084643 /* Resources */ = {
			isa = PBXResourcesBuildPhase;
			buildActionMask = 2147483647;
			files = (
			);
			runOnlyForDeploymentPostprocessing = 0;
		};
/* End PBXResourcesBuildPhase section */

/* Begin PBXShellScriptBuildPhase section */
		180DA846269A329000084643 /* SwiftLint */ = {
			isa = PBXShellScriptBuildPhase;
			buildActionMask = 2147483647;
			files = (
			);
			inputFileListPaths = (
			);
			inputPaths = (
			);
			name = SwiftLint;
			outputFileListPaths = (
			);
			outputPaths = (
			);
			runOnlyForDeploymentPostprocessing = 0;
			shellPath = /bin/sh;
			shellScript = "if which swiftlint >/dev/null; then\nswiftlint\nelse\necho \"warning: SwiftLint not installed, download from https://github.com/realm/SwiftLint\"\nfi\n";
		};
		180DA847269A32B600084643 /* Swiftformat */ = {
			isa = PBXShellScriptBuildPhase;
			buildActionMask = 2147483647;
			files = (
			);
			inputFileListPaths = (
			);
			inputPaths = (
			);
			name = Swiftformat;
			outputFileListPaths = (
			);
			outputPaths = (
			);
			runOnlyForDeploymentPostprocessing = 0;
			shellPath = /bin/sh;
			shellScript = "\"${PODS_ROOT}/SwiftFormat/CommandLineTool/swiftformat\"\n";
		};
		180DA848269A32CD00084643 /* Swiftformat autocorrect */ = {
			isa = PBXShellScriptBuildPhase;
			buildActionMask = 2147483647;
			files = (
			);
			inputFileListPaths = (
			);
			inputPaths = (
			);
			name = "Swiftformat autocorrect";
			outputFileListPaths = (
			);
			outputPaths = (
			);
			runOnlyForDeploymentPostprocessing = 0;
			shellPath = /bin/sh;
			shellScript = "swiftformat .\n";
		};
		1876695BA50DCEF68C63CD36 /* [CP] Check Pods Manifest.lock */ = {
			isa = PBXShellScriptBuildPhase;
			buildActionMask = 2147483647;
			files = (
			);
			inputFileListPaths = (
			);
			inputPaths = (
				"${PODS_PODFILE_DIR_PATH}/Podfile.lock",
				"${PODS_ROOT}/Manifest.lock",
			);
			name = "[CP] Check Pods Manifest.lock";
			outputFileListPaths = (
			);
			outputPaths = (
				"$(DERIVED_FILE_DIR)/Pods-NutritionAnalysis-checkManifestLockResult.txt",
			);
			runOnlyForDeploymentPostprocessing = 0;
			shellPath = /bin/sh;
			shellScript = "diff \"${PODS_PODFILE_DIR_PATH}/Podfile.lock\" \"${PODS_ROOT}/Manifest.lock\" > /dev/null\nif [ $? != 0 ] ; then\n    # print error to STDERR\n    echo \"error: The sandbox is not in sync with the Podfile.lock. Run 'pod install' or update your CocoaPods installation.\" >&2\n    exit 1\nfi\n# This output is used by Xcode 'outputs' to avoid re-running this script phase.\necho \"SUCCESS\" > \"${SCRIPT_OUTPUT_FILE_0}\"\n";
			showEnvVarsInLog = 0;
		};
		6CF05BE5092EB91DC33C1653 /* [CP] Check Pods Manifest.lock */ = {
			isa = PBXShellScriptBuildPhase;
			buildActionMask = 2147483647;
			files = (
			);
			inputFileListPaths = (
			);
			inputPaths = (
				"${PODS_PODFILE_DIR_PATH}/Podfile.lock",
				"${PODS_ROOT}/Manifest.lock",
			);
			name = "[CP] Check Pods Manifest.lock";
			outputFileListPaths = (
			);
			outputPaths = (
				"$(DERIVED_FILE_DIR)/Pods-NutritionAnalysisTests-checkManifestLockResult.txt",
			);
			runOnlyForDeploymentPostprocessing = 0;
			shellPath = /bin/sh;
			shellScript = "diff \"${PODS_PODFILE_DIR_PATH}/Podfile.lock\" \"${PODS_ROOT}/Manifest.lock\" > /dev/null\nif [ $? != 0 ] ; then\n    # print error to STDERR\n    echo \"error: The sandbox is not in sync with the Podfile.lock. Run 'pod install' or update your CocoaPods installation.\" >&2\n    exit 1\nfi\n# This output is used by Xcode 'outputs' to avoid re-running this script phase.\necho \"SUCCESS\" > \"${SCRIPT_OUTPUT_FILE_0}\"\n";
			showEnvVarsInLog = 0;
		};
		7DB8BF416A8258D7224971F4 /* [CP] Embed Pods Frameworks */ = {
			isa = PBXShellScriptBuildPhase;
			buildActionMask = 2147483647;
			files = (
			);
			inputFileListPaths = (
				"${PODS_ROOT}/Target Support Files/Pods-NutritionAnalysis/Pods-NutritionAnalysis-frameworks-${CONFIGURATION}-input-files.xcfilelist",
			);
			name = "[CP] Embed Pods Frameworks";
			outputFileListPaths = (
				"${PODS_ROOT}/Target Support Files/Pods-NutritionAnalysis/Pods-NutritionAnalysis-frameworks-${CONFIGURATION}-output-files.xcfilelist",
			);
			runOnlyForDeploymentPostprocessing = 0;
			shellPath = /bin/sh;
			shellScript = "\"${PODS_ROOT}/Target Support Files/Pods-NutritionAnalysis/Pods-NutritionAnalysis-frameworks.sh\"\n";
			showEnvVarsInLog = 0;
		};
/* End PBXShellScriptBuildPhase section */

/* Begin PBXSourcesBuildPhase section */
		180DA81D269A30B700084643 /* Sources */ = {
			isa = PBXSourcesBuildPhase;
			buildActionMask = 2147483647;
			files = (
				180CAB64269A5ABC001CC950 /* APIRequestResponseLog.swift in Sources */,
				18EC806D269B21B10011A5C0 /* IngredientsListPresenter.swift in Sources */,
				188306C4269C3358002267A7 /* IngredientsTransformer.swift in Sources */,
				186E162C269C2FE600F3FD01 /* TotalNutrationListPresenter.swift in Sources */,
				186E162E269C2FE600F3FD01 /* TotalNutrationListViewController.swift in Sources */,
				180DA85F269A387B00084643 /* IngredientAnalizerContainerView.swift in Sources */,
				18EC806F269B21B10011A5C0 /* IngredientsListViewController.swift in Sources */,
				186E1616269C11E000F3FD01 /* UIView + Indicator.swift in Sources */,
				180DA879269A3A4000084643 /* FontTypes.swift in Sources */,
				18EC8070269B21B10011A5C0 /* IngredientsListProtocols.swift in Sources */,
				18EC806E269B21B10011A5C0 /* IngredientsListRouter.swift in Sources */,
				180DA875269A39A900084643 /* UIColor + DarkMode.swift in Sources */,
				180DA860269A387B00084643 /* IngredientAnalizerPresenter.swift in Sources */,
				186E1613269C11B900F3FD01 /* NormalIndicator.swift in Sources */,
				180DA864269A387B00084643 /* IngredientAnalizerInteractor.swift in Sources */,
				186E161E269C1E7B00F3FD01 /* SkeletonUIView.swift in Sources */,
				18EC806C269B21B10011A5C0 /* IngredientsListContainerView.swift in Sources */,
				180DA863269A387B00084643 /* IngredientAnalizerProtocols.swift in Sources */,
				180DA872269A395200084643 /* ColorTypes.swift in Sources */,
				180DA825269A30B700084643 /* AppDelegate.swift in Sources */,
				18EC8071269B21B10011A5C0 /* IngredientsListInteractor.swift in Sources */,
				186E162F269C2FE600F3FD01 /* TotalNutrationListProtocols.swift in Sources */,
				180CAB68269A5AEB001CC950 /* BaseAPIRequestResponseFailureErrorType.swift in Sources */,
				186E1630269C2FE600F3FD01 /* TotalNutrationListInteractor.swift in Sources */,
				186E1620269C1E9100F3FD01 /* UIView+Skeleton.swift in Sources */,
				180CAB6B269A5C2F001CC950 /* Int+BusinessErrorCode.swift in Sources */,
				186E1631269C2FE600F3FD01 /* TotalNutrationDisplayableModel.swift in Sources */,
				183CA7C3269A4097009E2749 /* UITextView + PlaceHolder.swift in Sources */,
				183CA7C0269A3EFA009E2749 /* UIViewController + StatusBar.swift in Sources */,
				186E162B269C2FE600F3FD01 /* TotalNutrationListContainerView.swift in Sources */,
				186E161B269C157B00F3FD01 /* IngredientsListContainerView + UITableView.swift in Sources */,
				180CAB5E269A5A56001CC950 /* APIRequestExecuter.swift in Sources */,
				180CAB66269A5AD7001CC950 /* BaseAPIRequestResponseBusinessErrorType.swift in Sources */,
				186E162D269C2FE600F3FD01 /* TotalNutrationListRouter.swift in Sources */,
				180CAB5C269A5A0A001CC950 /* IngredientAnalizerContainerView + UITextViewDelegete.swift in Sources */,
				188306C9269C3814002267A7 /* TotalNutrationListContainerView + UITableView.swift in Sources */,
				186E1611269C11A600F3FD01 /* LottieIndicator.swift in Sources */,
				186E1619269C156900F3FD01 /* IngredientaSummaryCell.swift in Sources */,
				18EC805C269B1D980011A5C0 /* NetworkConstants.swift in Sources */,
				180DA861269A387B00084643 /* IngredientAnalizerRouter.swift in Sources */,
				188306C7269C37F6002267A7 /* TotalNutrationCell.swift in Sources */,
				180CAB62269A5A90001CC950 /* APIRequestInterceptor.swift in Sources */,
				180CAB6D269A5C42001CC950 /* Int+HTTPStatusCode.swift in Sources */,
				180DA86E269A38F200084643 /* BaseNavigationController.swift in Sources */,
				18EC8061269B20500011A5C0 /* IngredientResponseModel.swift in Sources */,
				180DA862269A387B00084643 /* IngredientAnalizerViewController.swift in Sources */,
				180CAB60269A5A75001CC950 /* APIRequestBuilder.swift in Sources */,
				18EC8059269B1CC40011A5C0 /* AnalysisNetworking.swift in Sources */,
				18EC805E269B1EAA0011A5C0 /* AnalysisWorker.swift in Sources */,
			);
			runOnlyForDeploymentPostprocessing = 0;
		};
		180DA833269A30BB00084643 /* Sources */ = {
			isa = PBXSourcesBuildPhase;
			buildActionMask = 2147483647;
			files = (
				180DA83C269A30BB00084643 /* NutritionAnalysisTests.swift in Sources */,
			);
			runOnlyForDeploymentPostprocessing = 0;
		};
/* End PBXSourcesBuildPhase section */

/* Begin PBXTargetDependency section */
		180DA839269A30BB00084643 /* PBXTargetDependency */ = {
			isa = PBXTargetDependency;
			target = 180DA820269A30B700084643 /* NutritionAnalysis */;
			targetProxy = 180DA838269A30BB00084643 /* PBXContainerItemProxy */;
		};
/* End PBXTargetDependency section */

/* Begin PBXVariantGroup section */
		180DA82F269A30BB00084643 /* LaunchScreen.storyboard */ = {
			isa = PBXVariantGroup;
			children = (
				180DA830269A30BB00084643 /* Base */,
			);
			name = LaunchScreen.storyboard;
			sourceTree = "<group>";
		};
/* End PBXVariantGroup section */

/* Begin XCBuildConfiguration section */
		180DA83E269A30BB00084643 /* Debug */ = {
			isa = XCBuildConfiguration;
			buildSettings = {
				ALWAYS_SEARCH_USER_PATHS = NO;
				CLANG_ANALYZER_NONNULL = YES;
				CLANG_ANALYZER_NUMBER_OBJECT_CONVERSION = YES_AGGRESSIVE;
				CLANG_CXX_LANGUAGE_STANDARD = "gnu++14";
				CLANG_CXX_LIBRARY = "libc++";
				CLANG_ENABLE_MODULES = YES;
				CLANG_ENABLE_OBJC_ARC = YES;
				CLANG_ENABLE_OBJC_WEAK = YES;
				CLANG_WARN_BLOCK_CAPTURE_AUTORELEASING = YES;
				CLANG_WARN_BOOL_CONVERSION = YES;
				CLANG_WARN_COMMA = YES;
				CLANG_WARN_CONSTANT_CONVERSION = YES;
				CLANG_WARN_DEPRECATED_OBJC_IMPLEMENTATIONS = YES;
				CLANG_WARN_DIRECT_OBJC_ISA_USAGE = YES_ERROR;
				CLANG_WARN_DOCUMENTATION_COMMENTS = YES;
				CLANG_WARN_EMPTY_BODY = YES;
				CLANG_WARN_ENUM_CONVERSION = YES;
				CLANG_WARN_INFINITE_RECURSION = YES;
				CLANG_WARN_INT_CONVERSION = YES;
				CLANG_WARN_NON_LITERAL_NULL_CONVERSION = YES;
				CLANG_WARN_OBJC_IMPLICIT_RETAIN_SELF = YES;
				CLANG_WARN_OBJC_LITERAL_CONVERSION = YES;
				CLANG_WARN_OBJC_ROOT_CLASS = YES_ERROR;
				CLANG_WARN_RANGE_LOOP_ANALYSIS = YES;
				CLANG_WARN_STRICT_PROTOTYPES = YES;
				CLANG_WARN_SUSPICIOUS_MOVE = YES;
				CLANG_WARN_UNGUARDED_AVAILABILITY = YES_AGGRESSIVE;
				CLANG_WARN_UNREACHABLE_CODE = YES;
				CLANG_WARN__DUPLICATE_METHOD_MATCH = YES;
				COPY_PHASE_STRIP = NO;
				DEBUG_INFORMATION_FORMAT = dwarf;
				ENABLE_STRICT_OBJC_MSGSEND = YES;
				ENABLE_TESTABILITY = YES;
				GCC_C_LANGUAGE_STANDARD = gnu11;
				GCC_DYNAMIC_NO_PIC = NO;
				GCC_NO_COMMON_BLOCKS = YES;
				GCC_OPTIMIZATION_LEVEL = 0;
				GCC_PREPROCESSOR_DEFINITIONS = (
					"DEBUG=1",
					"$(inherited)",
				);
				GCC_WARN_64_TO_32_BIT_CONVERSION = YES;
				GCC_WARN_ABOUT_RETURN_TYPE = YES_ERROR;
				GCC_WARN_UNDECLARED_SELECTOR = YES;
				GCC_WARN_UNINITIALIZED_AUTOS = YES_AGGRESSIVE;
				GCC_WARN_UNUSED_FUNCTION = YES;
				GCC_WARN_UNUSED_VARIABLE = YES;
				IPHONEOS_DEPLOYMENT_TARGET = 13.5;
				MTL_ENABLE_DEBUG_INFO = INCLUDE_SOURCE;
				MTL_FAST_MATH = YES;
				ONLY_ACTIVE_ARCH = YES;
				SDKROOT = iphoneos;
				SWIFT_ACTIVE_COMPILATION_CONDITIONS = DEBUG;
				SWIFT_OPTIMIZATION_LEVEL = "-Onone";
			};
			name = Debug;
		};
		180DA83F269A30BB00084643 /* Release */ = {
			isa = XCBuildConfiguration;
			buildSettings = {
				ALWAYS_SEARCH_USER_PATHS = NO;
				CLANG_ANALYZER_NONNULL = YES;
				CLANG_ANALYZER_NUMBER_OBJECT_CONVERSION = YES_AGGRESSIVE;
				CLANG_CXX_LANGUAGE_STANDARD = "gnu++14";
				CLANG_CXX_LIBRARY = "libc++";
				CLANG_ENABLE_MODULES = YES;
				CLANG_ENABLE_OBJC_ARC = YES;
				CLANG_ENABLE_OBJC_WEAK = YES;
				CLANG_WARN_BLOCK_CAPTURE_AUTORELEASING = YES;
				CLANG_WARN_BOOL_CONVERSION = YES;
				CLANG_WARN_COMMA = YES;
				CLANG_WARN_CONSTANT_CONVERSION = YES;
				CLANG_WARN_DEPRECATED_OBJC_IMPLEMENTATIONS = YES;
				CLANG_WARN_DIRECT_OBJC_ISA_USAGE = YES_ERROR;
				CLANG_WARN_DOCUMENTATION_COMMENTS = YES;
				CLANG_WARN_EMPTY_BODY = YES;
				CLANG_WARN_ENUM_CONVERSION = YES;
				CLANG_WARN_INFINITE_RECURSION = YES;
				CLANG_WARN_INT_CONVERSION = YES;
				CLANG_WARN_NON_LITERAL_NULL_CONVERSION = YES;
				CLANG_WARN_OBJC_IMPLICIT_RETAIN_SELF = YES;
				CLANG_WARN_OBJC_LITERAL_CONVERSION = YES;
				CLANG_WARN_OBJC_ROOT_CLASS = YES_ERROR;
				CLANG_WARN_RANGE_LOOP_ANALYSIS = YES;
				CLANG_WARN_STRICT_PROTOTYPES = YES;
				CLANG_WARN_SUSPICIOUS_MOVE = YES;
				CLANG_WARN_UNGUARDED_AVAILABILITY = YES_AGGRESSIVE;
				CLANG_WARN_UNREACHABLE_CODE = YES;
				CLANG_WARN__DUPLICATE_METHOD_MATCH = YES;
				COPY_PHASE_STRIP = NO;
				DEBUG_INFORMATION_FORMAT = "dwarf-with-dsym";
				ENABLE_NS_ASSERTIONS = NO;
				ENABLE_STRICT_OBJC_MSGSEND = YES;
				GCC_C_LANGUAGE_STANDARD = gnu11;
				GCC_NO_COMMON_BLOCKS = YES;
				GCC_WARN_64_TO_32_BIT_CONVERSION = YES;
				GCC_WARN_ABOUT_RETURN_TYPE = YES_ERROR;
				GCC_WARN_UNDECLARED_SELECTOR = YES;
				GCC_WARN_UNINITIALIZED_AUTOS = YES_AGGRESSIVE;
				GCC_WARN_UNUSED_FUNCTION = YES;
				GCC_WARN_UNUSED_VARIABLE = YES;
				IPHONEOS_DEPLOYMENT_TARGET = 13.5;
				MTL_ENABLE_DEBUG_INFO = NO;
				MTL_FAST_MATH = YES;
				SDKROOT = iphoneos;
				SWIFT_COMPILATION_MODE = wholemodule;
				SWIFT_OPTIMIZATION_LEVEL = "-O";
				VALIDATE_PRODUCT = YES;
			};
			name = Release;
		};
		180DA841269A30BB00084643 /* Debug */ = {
			isa = XCBuildConfiguration;
			baseConfigurationReference = 1B2790139B2C14CCE87528DE /* Pods-NutritionAnalysis.debug.xcconfig */;
			buildSettings = {
				ASSETCATALOG_COMPILER_APPICON_NAME = AppIcon;
				CODE_SIGN_STYLE = Automatic;
				DEVELOPMENT_TEAM = X43742Y6HU;
				INFOPLIST_FILE = NutritionAnalysis/Main/Info.plist;
				LD_RUNPATH_SEARCH_PATHS = (
					"$(inherited)",
					"@executable_path/Frameworks",
				);
				PRODUCT_BUNDLE_IDENTIFIER = com.ios.nutritionanalysis.NutritionAnalysis;
				PRODUCT_NAME = "$(TARGET_NAME)";
				SWIFT_VERSION = 5.0;
				TARGETED_DEVICE_FAMILY = 1;
			};
			name = Debug;
		};
		180DA842269A30BB00084643 /* Release */ = {
			isa = XCBuildConfiguration;
			baseConfigurationReference = CDDBDE269799322989C02268 /* Pods-NutritionAnalysis.release.xcconfig */;
			buildSettings = {
				ASSETCATALOG_COMPILER_APPICON_NAME = AppIcon;
				CODE_SIGN_STYLE = Automatic;
				DEVELOPMENT_TEAM = X43742Y6HU;
				INFOPLIST_FILE = NutritionAnalysis/Main/Info.plist;
				LD_RUNPATH_SEARCH_PATHS = (
					"$(inherited)",
					"@executable_path/Frameworks",
				);
				PRODUCT_BUNDLE_IDENTIFIER = com.ios.nutritionanalysis.NutritionAnalysis;
				PRODUCT_NAME = "$(TARGET_NAME)";
				SWIFT_VERSION = 5.0;
				TARGETED_DEVICE_FAMILY = 1;
			};
			name = Release;
		};
		180DA844269A30BB00084643 /* Debug */ = {
			isa = XCBuildConfiguration;
			baseConfigurationReference = DDC0FE324AED747E2C98F67A /* Pods-NutritionAnalysisTests.debug.xcconfig */;
			buildSettings = {
				ALWAYS_EMBED_SWIFT_STANDARD_LIBRARIES = YES;
				BUNDLE_LOADER = "$(TEST_HOST)";
				CODE_SIGN_STYLE = Automatic;
				DEVELOPMENT_TEAM = X43742Y6HU;
				INFOPLIST_FILE = NutritionAnalysisTests/Info.plist;
				IPHONEOS_DEPLOYMENT_TARGET = 13.5;
				LD_RUNPATH_SEARCH_PATHS = (
					"$(inherited)",
					"@executable_path/Frameworks",
					"@loader_path/Frameworks",
				);
				PRODUCT_BUNDLE_IDENTIFIER = com.ios.nutritionanalysis.NutritionAnalysisTests;
				PRODUCT_NAME = "$(TARGET_NAME)";
				SWIFT_VERSION = 5.0;
				TARGETED_DEVICE_FAMILY = "1,2";
				TEST_HOST = "$(BUILT_PRODUCTS_DIR)/NutritionAnalysis.app/NutritionAnalysis";
			};
			name = Debug;
		};
		180DA845269A30BB00084643 /* Release */ = {
			isa = XCBuildConfiguration;
			baseConfigurationReference = 288E914E007F493674D55036 /* Pods-NutritionAnalysisTests.release.xcconfig */;
			buildSettings = {
				ALWAYS_EMBED_SWIFT_STANDARD_LIBRARIES = YES;
				BUNDLE_LOADER = "$(TEST_HOST)";
				CODE_SIGN_STYLE = Automatic;
				DEVELOPMENT_TEAM = X43742Y6HU;
				INFOPLIST_FILE = NutritionAnalysisTests/Info.plist;
				IPHONEOS_DEPLOYMENT_TARGET = 13.5;
				LD_RUNPATH_SEARCH_PATHS = (
					"$(inherited)",
					"@executable_path/Frameworks",
					"@loader_path/Frameworks",
				);
				PRODUCT_BUNDLE_IDENTIFIER = com.ios.nutritionanalysis.NutritionAnalysisTests;
				PRODUCT_NAME = "$(TARGET_NAME)";
				SWIFT_VERSION = 5.0;
				TARGETED_DEVICE_FAMILY = "1,2";
				TEST_HOST = "$(BUILT_PRODUCTS_DIR)/NutritionAnalysis.app/NutritionAnalysis";
			};
			name = Release;
		};
/* End XCBuildConfiguration section */

/* Begin XCConfigurationList section */
		180DA81C269A30B600084643 /* Build configuration list for PBXProject "NutritionAnalysis" */ = {
			isa = XCConfigurationList;
			buildConfigurations = (
				180DA83E269A30BB00084643 /* Debug */,
				180DA83F269A30BB00084643 /* Release */,
			);
			defaultConfigurationIsVisible = 0;
			defaultConfigurationName = Release;
		};
		180DA840269A30BB00084643 /* Build configuration list for PBXNativeTarget "NutritionAnalysis" */ = {
			isa = XCConfigurationList;
			buildConfigurations = (
				180DA841269A30BB00084643 /* Debug */,
				180DA842269A30BB00084643 /* Release */,
			);
			defaultConfigurationIsVisible = 0;
			defaultConfigurationName = Release;
		};
		180DA843269A30BB00084643 /* Build configuration list for PBXNativeTarget "NutritionAnalysisTests" */ = {
			isa = XCConfigurationList;
			buildConfigurations = (
				180DA844269A30BB00084643 /* Debug */,
				180DA845269A30BB00084643 /* Release */,
			);
			defaultConfigurationIsVisible = 0;
			defaultConfigurationName = Release;
		};
/* End XCConfigurationList section */
	};
	rootObject = 180DA819269A30B600084643 /* Project object */;
}
